
Microsoft Visual Studio Solution File, Format Version 12.00
# Visual Studio Version 17
VisualStudioVersion = 17.2.32210.308
MinimumVisualStudioVersion = 10.0.40219.1
Project("{FAE04EC0-301F-11D3-BF4B-00C04F79EFBC}") = "JwtAspNetCoreWebApiSample", "JwtAspNetCoreWebApiSample\JwtAspNetCoreWebApiSample.csproj", "{B79452DA-0453-4E9B-B3D5-91B23D4D8A74}"
EndProject
Global
	GlobalSection(SolutionConfigurationPlatforms) = preSolution
		Debug|Any CPU = Debug|Any CPU
		Release|Any CPU = Release|Any CPU
	EndGlobalSection
	GlobalSection(ProjectConfigurationPlatforms) = postSolution
		{B79452DA-0453-4E9B-B3D5-91B23D4D8A74}.Debug|Any CPU.ActiveCfg = Debug|Any CPU
		{B79452DA-0453-4E9B-B3D5-91B23D4D8A74}.Debug|Any CPU.Build.0 = Debug|Any CPU
		{B79452DA-0453-4E9B-B3D5-91B23D4D8A74}.Release|Any CPU.ActiveCfg = Release|Any CPU
		{B79452DA-0453-4E9B-B3D5-91B23D4D8A74}.Release|Any CPU.Build.0 = Release|Any CPU
	EndGlobalSection
	GlobalSection(SolutionProperties) = preSolution
		HideSolutionNode = FALSE
	EndGlobalSection
	GlobalSection(ExtensibilityGlobals) = postSolution
		SolutionGuid = {1B720180-E451-484C-A415-915B92930325}
	EndGlobalSection
EndGlobal
